
Microsoft Visual Studio Solution File, Format Version 12.00
# Visual Studio Version 16
VisualStudioVersion = 16.0.29613.14
MinimumVisualStudioVersion = 10.0.40219.1
Project("{9A19103F-16F7-4668-BE54-9A1E7A4F7556}") = "DiscordBots", "DiscordBots\DiscordBots.csproj", "{1E715982-5250-4E55-B788-6397060AE7DA}"
EndProject
Project("{9A19103F-16F7-4668-BE54-9A1E7A4F7556}") = "Nine", "ConsoleApp1\Nine.csproj", "{EEF0BE4E-DAC5-4B37-B10E-BC2B06C77444}"
	ProjectSection(ProjectDependencies) = postProject
		{1E715982-5250-4E55-B788-6397060AE7DA} = {1E715982-5250-4E55-B788-6397060AE7DA}
	EndProjectSection
EndProject
Project("{9A19103F-16F7-4668-BE54-9A1E7A4F7556}") = "SERAPHAdmin", "SERAPHAdmin\SERAPHAdmin.csproj", "{6993E190-9A31-4B5D-9AAC-A4B6A44A9746}"
EndProject
Project("{FAE04EC0-301F-11D3-BF4B-00C04F79EFBC}") = "Nine_Testing", "Nine_Testing\Nine_Testing.csproj", "{0BED7BE6-62B7-4E49-A1BB-C5CBB0E2B49F}"
EndProject
Global
	GlobalSection(SolutionConfigurationPlatforms) = preSolution
		Debug|Any CPU = Debug|Any CPU
		Release|Any CPU = Release|Any CPU
	EndGlobalSection
	GlobalSection(ProjectConfigurationPlatforms) = postSolution
		{1E715982-5250-4E55-B788-6397060AE7DA}.Debug|Any CPU.ActiveCfg = Debug|Any CPU
		{1E715982-5250-4E55-B788-6397060AE7DA}.Debug|Any CPU.Build.0 = Debug|Any CPU
		{1E715982-5250-4E55-B788-6397060AE7DA}.Release|Any CPU.ActiveCfg = Release|Any CPU
		{1E715982-5250-4E55-B788-6397060AE7DA}.Release|Any CPU.Build.0 = Release|Any CPU
		{EEF0BE4E-DAC5-4B37-B10E-BC2B06C77444}.Debug|Any CPU.ActiveCfg = Debug|Any CPU
		{EEF0BE4E-DAC5-4B37-B10E-BC2B06C77444}.Debug|Any CPU.Build.0 = Debug|Any CPU
		{EEF0BE4E-DAC5-4B37-B10E-BC2B06C77444}.Release|Any CPU.ActiveCfg = Release|Any CPU
		{EEF0BE4E-DAC5-4B37-B10E-BC2B06C77444}.Release|Any CPU.Build.0 = Release|Any CPU
		{6993E190-9A31-4B5D-9AAC-A4B6A44A9746}.Debug|Any CPU.ActiveCfg = Debug|Any CPU
		{6993E190-9A31-4B5D-9AAC-A4B6A44A9746}.Debug|Any CPU.Build.0 = Debug|Any CPU
		{6993E190-9A31-4B5D-9AAC-A4B6A44A9746}.Release|Any CPU.ActiveCfg = Release|Any CPU
		{6993E190-9A31-4B5D-9AAC-A4B6A44A9746}.Release|Any CPU.Build.0 = Release|Any CPU
		{0BED7BE6-62B7-4E49-A1BB-C5CBB0E2B49F}.Debug|Any CPU.ActiveCfg = Debug|Any CPU
		{0BED7BE6-62B7-4E49-A1BB-C5CBB0E2B49F}.Debug|Any CPU.Build.0 = Debug|Any CPU
		{0BED7BE6-62B7-4E49-A1BB-C5CBB0E2B49F}.Release|Any CPU.ActiveCfg = Release|Any CPU
		{0BED7BE6-62B7-4E49-A1BB-C5CBB0E2B49F}.Release|Any CPU.Build.0 = Release|Any CPU
	EndGlobalSection
	GlobalSection(SolutionProperties) = preSolution
		HideSolutionNode = FALSE
	EndGlobalSection
	GlobalSection(ExtensibilityGlobals) = postSolution
		SolutionGuid = {5E57F967-5EDB-418A-B8E4-C2326AAFD8FA}
	EndGlobalSection
EndGlobal
